// !$*UTF8*$!
{
	archiveVersion = 1;
	classes = {
	};
	objectVersion = 77;
	objects = {

/* Begin PBXBuildFile section */
		3B8906492FF595DF00E04640 /* exercises.json in Resources */ = {isa = PBXBuildFile; fileRef = 3B8906482FF595DF00E04640 /* exercises.json */; };
		3BAE53492FF3A80100448B33 /* LiftLogWatchApp Watch App.app in Embed Watch Content */ = {isa = PBXBuildFile; fileRef = 3BAE533F2FF3A80000448B33 /* LiftLogWatchApp Watch App.app */; settings = {ATTRIBUTES = (RemoveHeadersOnCopy, ); }; };
		3BC0110730129F3C0081F2B7 /* Oswald-SemiBold.ttf in Resources */ = {isa = PBXBuildFile; fileRef = 3BC0110630129F3C0081F2B7 /* Oswald-SemiBold.ttf */; };
		3BC0110930129F630081F2B7 /* IBMPlexSans-Regular.ttf in Resources */ = {isa = PBXBuildFile; fileRef = 3BC0110830129F630081F2B7 /* IBMPlexSans-Regular.ttf */; };
		3BC0110B30129F720081F2B7 /* IBMPlexMono-Regular.ttf in Resources */ = {isa = PBXBuildFile; fileRef = 3BC0110A30129F720081F2B7 /* IBMPlexMono-Regular.ttf */; };
/* End PBXBuildFile section */

/* Begin PBXContainerItemProxy section */
		3BAE53472FF3A80100448B33 /* PBXContainerItemProxy */ = {
			isa = PBXContainerItemProxy;
			containerPortal = 3BAE53232FF3A7DB00448B33 /* Project object */;
			proxyType = 1;
			remoteGlobalIDString = 3BAE533E2FF3A80000448B33;
			remoteInfo = "LiftLogWatchApp Watch App";
		};
		3BD0A00B30130A000081F2B7 /* PBXContainerItemProxy */ = {
			isa = PBXContainerItemProxy;
			containerPortal = 3BAE53232FF3A7DB00448B33 /* Project object */;
			proxyType = 1;
			remoteGlobalIDString = 3BAE532A2FF3A7DB00448B33;
			remoteInfo = LiftLog;
		};
		3BD0A01B30130A000081F2B7 /* PBXContainerItemProxy */ = {
			isa = PBXContainerItemProxy;
			containerPortal = 3BAE53232FF3A7DB00448B33 /* Project object */;
			proxyType = 1;
			remoteGlobalIDString = 3BAE532A2FF3A7DB00448B33;
			remoteInfo = LiftLog;
		};
/* End PBXContainerItemProxy section */

/* Begin PBXCopyFilesBuildPhase section */
		3BAE534D2FF3A80100448B33 /* Embed Watch Content */ = {
			isa = PBXCopyFilesBuildPhase;
			buildActionMask = 2147483647;
			dstPath = "$(CONTENTS_FOLDER_PATH)/Watch";
			dstSubfolderSpec = 16;
			files = (
				3BAE53492FF3A80100448B33 /* LiftLogWatchApp Watch App.app in Embed Watch Content */,
			);
			name = "Embed Watch Content";
			runOnlyForDeploymentPostprocessing = 0;
		};
/* End PBXCopyFilesBuildPhase section */

/* Begin PBXFileReference section */
		3B8906482FF595DF00E04640 /* exercises.json */ = {isa = PBXFileReference; lastKnownFileType = text.json; path = exercises.json; sourceTree = "<group>"; };
		3BAE532B2FF3A7DB00448B33 /* LiftLog.app */ = {isa = PBXFileReference; explicitFileType = wrapper.application; includeInIndex = 0; path = LiftLog.app; sourceTree = BUILT_PRODUCTS_DIR; };
		3BAE533F2FF3A80000448B33 /* LiftLogWatchApp Watch App.app */ = {isa = PBXFileReference; explicitFileType = wrapper.application; includeInIndex = 0; path = "LiftLogWatchApp Watch App.app"; sourceTree = BUILT_PRODUCTS_DIR; };
		3BC0110630129F3C0081F2B7 /* Oswald-SemiBold.ttf */ = {isa = PBXFileReference; lastKnownFileType = file; path = "Oswald-SemiBold.ttf"; sourceTree = "<group>"; };
		3BC0110830129F630081F2B7 /* IBMPlexSans-Regular.ttf */ = {isa = PBXFileReference; lastKnownFileType = file; path = "IBMPlexSans-Regular.ttf"; sourceTree = "<group>"; };
		3BC0110A30129F720081F2B7 /* IBMPlexMono-Regular.ttf */ = {isa = PBXFileReference; lastKnownFileType = file; path = "IBMPlexMono-Regular.ttf"; sourceTree = "<group>"; };
		3BD0A00130130A000081F2B7 /* LiftLogTests.xctest */ = {isa = PBXFileReference; explicitFileType = wrapper.cfbundle; includeInIndex = 0; path = LiftLogTests.xctest; sourceTree = BUILT_PRODUCTS_DIR; };
		3BD0A01130130A000081F2B7 /* LiftLogUITests.xctest */ = {isa = PBXFileReference; explicitFileType = wrapper.cfbundle; includeInIndex = 0; path = LiftLogUITests.xctest; sourceTree = BUILT_PRODUCTS_DIR; };
		3BD0A02130130A000081F2B7 /* TestPlans/Unit.xctestplan */ = {isa = PBXFileReference; lastKnownFileType = text; path = TestPlans/Unit.xctestplan; sourceTree = "<group>"; };
		3BD0A02230130A000081F2B7 /* TestPlans/All.xctestplan */ = {isa = PBXFileReference; lastKnownFileType = text; path = TestPlans/All.xctestplan; sourceTree = "<group>"; };
/* End PBXFileReference section */

/* Begin PBXFileSystemSynchronizedBuildFileExceptionSet section */
		3BC0110D30129FBC0081F2B7 /* Exceptions for "LiftLog" folder in "LiftLog" target */ = {
			isa = PBXFileSystemSynchronizedBuildFileExceptionSet;
			membershipExceptions = (
				Info.plist,
			);
			target = 3BAE532A2FF3A7DB00448B33 /* LiftLog */;
		};
/* End PBXFileSystemSynchronizedBuildFileExceptionSet section */

/* Begin PBXFileSystemSynchronizedRootGroup section */
		3BAE532D2FF3A7DB00448B33 /* LiftLog */ = {
			isa = PBXFileSystemSynchronizedRootGroup;
			exceptions = (
				3BC0110D30129FBC0081F2B7 /* Exceptions for "LiftLog" folder in "LiftLog" target */,
			);
			path = LiftLog;
			sourceTree = "<group>";
		};
		3BAE53402FF3A80100448B33 /* LiftLogWatchApp Watch App */ = {
			isa = PBXFileSystemSynchronizedRootGroup;
			path = "LiftLogWatchApp Watch App";
			sourceTree = "<group>";
		};
		3BD0A00230130A000081F2B7 /* LiftLogTests */ = {
			isa = PBXFileSystemSynchronizedRootGroup;
			path = LiftLogTests;
			sourceTree = "<group>";
		};
		3BD0A01230130A000081F2B7 /* LiftLogUITests */ = {
			isa = PBXFileSystemSynchronizedRootGroup;
			path = LiftLogUITests;
			sourceTree = "<group>";
		};
/* End PBXFileSystemSynchronizedRootGroup section */

/* Begin PBXFrameworksBuildPhase section */
		3BAE53282FF3A7DB00448B33 /* Frameworks */ = {
			isa = PBXFrameworksBuildPhase;
			buildActionMask = 2147483647;
			files = (
			);
			runOnlyForDeploymentPostprocessing = 0;
		};
		3BAE533C2FF3A80000448B33 /* Frameworks */ = {
			isa = PBXFrameworksBuildPhase;
			buildActionMask = 2147483647;
			files = (
			);
			runOnlyForDeploymentPostprocessing = 0;
		};
		3BD0A00430130A000081F2B7 /* Frameworks */ = {
			isa = PBXFrameworksBuildPhase;
			buildActionMask = 2147483647;
			files = (
			);
			runOnlyForDeploymentPostprocessing = 0;
		};
		3BD0A01430130A000081F2B7 /* Frameworks */ = {
			isa = PBXFrameworksBuildPhase;
			buildActionMask = 2147483647;
			files = (
			);
			runOnlyForDeploymentPostprocessing = 0;
		};
/* End PBXFrameworksBuildPhase section */

/* Begin PBXGroup section */
		3BAE53222FF3A7DB00448B33 = {
			isa = PBXGroup;
			children = (
				3BAE532D2FF3A7DB00448B33 /* LiftLog */,
				3BAE53402FF3A80100448B33 /* LiftLogWatchApp Watch App */,
				3BD0A00230130A000081F2B7 /* LiftLogTests */,
				3BD0A01230130A000081F2B7 /* LiftLogUITests */,
				3BD0A02130130A000081F2B7 /* TestPlans/Unit.xctestplan */,
				3BD0A02230130A000081F2B7 /* TestPlans/All.xctestplan */,
				3BAE532C2FF3A7DB00448B33 /* Products */,
				3B8906482FF595DF00E04640 /* exercises.json */,
				3BC0110630129F3C0081F2B7 /* Oswald-SemiBold.ttf */,
				3BC0110830129F630081F2B7 /* IBMPlexSans-Regular.ttf */,
				3BC0110A30129F720081F2B7 /* IBMPlexMono-Regular.ttf */,
			);
			sourceTree = "<group>";
		};
		3BAE532C2FF3A7DB00448B33 /* Products */ = {
			isa = PBXGroup;
			children = (
				3BAE532B2FF3A7DB00448B33 /* LiftLog.app */,
				3BAE533F2FF3A80000448B33 /* LiftLogWatchApp Watch App.app */,
				3BD0A00130130A000081F2B7 /* LiftLogTests.xctest */,
				3BD0A01130130A000081F2B7 /* LiftLogUITests.xctest */,
			);
			name = Products;
			sourceTree = "<group>";
		};
/* End PBXGroup section */

/* Begin PBXNativeTarget section */
		3BAE532A2FF3A7DB00448B33 /* LiftLog */ = {
			isa = PBXNativeTarget;
			buildConfigurationList = 3BAE53382FF3A7DB00448B33 /* Build configuration list for PBXNativeTarget "LiftLog" */;
			buildPhases = (
				3BAE53272FF3A7DB00448B33 /* Sources */,
				3BAE53282FF3A7DB00448B33 /* Frameworks */,
				3BAE53292FF3A7DB00448B33 /* Resources */,
				3BAE534D2FF3A80100448B33 /* Embed Watch Content */,
			);
			buildRules = (
			);
			dependencies = (
				3BAE53482FF3A80100448B33 /* PBXTargetDependency */,
			);
			fileSystemSynchronizedGroups = (
				3BAE532D2FF3A7DB00448B33 /* LiftLog */,
			);
			name = LiftLog;
			packageProductDependencies = (
			);
			productName = LiftLog;
			productReference = 3BAE532B2FF3A7DB00448B33 /* LiftLog.app */;
			productType = "com.apple.product-type.application";
		};
		3BAE533E2FF3A80000448B33 /* LiftLogWatchApp Watch App */ = {
			isa = PBXNativeTarget;
			buildConfigurationList = 3BAE534A2FF3A80100448B33 /* Build configuration list for PBXNativeTarget "LiftLogWatchApp Watch App" */;
			buildPhases = (
				3BAE533B2FF3A80000448B33 /* Sources */,
				3BAE533C2FF3A80000448B33 /* Frameworks */,
				3BAE533D2FF3A80000448B33 /* Resources */,
			);
			buildRules = (
			);
			dependencies = (
			);
			fileSystemSynchronizedGroups = (
				3BAE53402FF3A80100448B33 /* LiftLogWatchApp Watch App */,
			);
			name = "LiftLogWatchApp Watch App";
			packageProductDependencies = (
			);
			productName = "LiftLogWatchApp Watch App";
			productReference = 3BAE533F2FF3A80000448B33 /* LiftLogWatchApp Watch App.app */;
			productType = "com.apple.product-type.application";
		};
		3BD0A00630130A000081F2B7 /* LiftLogTests */ = {
			isa = PBXNativeTarget;
			buildConfigurationList = 3BD0A00730130A000081F2B7 /* Build configuration list for PBXNativeTarget "LiftLogTests" */;
			buildPhases = (
				3BD0A00330130A000081F2B7 /* Sources */,
				3BD0A00430130A000081F2B7 /* Frameworks */,
				3BD0A00530130A000081F2B7 /* Resources */,
			);
			buildRules = (
			);
			dependencies = (
				3BD0A00A30130A000081F2B7 /* PBXTargetDependency */,
			);
			fileSystemSynchronizedGroups = (
				3BD0A00230130A000081F2B7 /* LiftLogTests */,
			);
			name = LiftLogTests;
			packageProductDependencies = (
			);
			productName = LiftLogTests;
			productReference = 3BD0A00130130A000081F2B7 /* LiftLogTests.xctest */;
			productType = "com.apple.product-type.bundle.unit-test";
		};
		3BD0A01630130A000081F2B7 /* LiftLogUITests */ = {
			isa = PBXNativeTarget;
			buildConfigurationList = 3BD0A01730130A000081F2B7 /* Build configuration list for PBXNativeTarget "LiftLogUITests" */;
			buildPhases = (
				3BD0A01330130A000081F2B7 /* Sources */,
				3BD0A01430130A000081F2B7 /* Frameworks */,
				3BD0A01530130A000081F2B7 /* Resources */,
			);
			buildRules = (
			);
			dependencies = (
				3BD0A01A30130A000081F2B7 /* PBXTargetDependency */,
			);
			fileSystemSynchronizedGroups = (
				3BD0A01230130A000081F2B7 /* LiftLogUITests */,
			);
			name = LiftLogUITests;
			packageProductDependencies = (
			);
			productName = LiftLogUITests;
			productReference = 3BD0A01130130A000081F2B7 /* LiftLogUITests.xctest */;
			productType = "com.apple.product-type.bundle.ui-testing";
		};
/* End PBXNativeTarget section */

/* Begin PBXProject section */
		3BAE53232FF3A7DB00448B33 /* Project object */ = {
			isa = PBXProject;
			attributes = {
				BuildIndependentTargetsInParallel = 1;
				LastSwiftUpdateCheck = 2650;
				LastUpgradeCheck = 2650;
				TargetAttributes = {
					3BAE532A2FF3A7DB00448B33 = {
						CreatedOnToolsVersion = 26.5;
					};
					3BAE533E2FF3A80000448B33 = {
						CreatedOnToolsVersion = 26.5;
					};
					3BD0A00630130A000081F2B7 = {
						CreatedOnToolsVersion = 26.6;
						TestTargetID = 3BAE532A2FF3A7DB00448B33;
					};
					3BD0A01630130A000081F2B7 = {
						CreatedOnToolsVersion = 26.6;
						TestTargetID = 3BAE532A2FF3A7DB00448B33;
					};
				};
			};
			buildConfigurationList = 3BAE53262FF3A7DB00448B33 /* Build configuration list for PBXProject "LiftLog" */;
			developmentRegion = en;
			hasScannedForEncodings = 0;
			knownRegions = (
				en,
				Base,
			);
			mainGroup = 3BAE53222FF3A7DB00448B33;
			minimizedProjectReferenceProxies = 1;
			preferredProjectObjectVersion = 77;
			productRefGroup = 3BAE532C2FF3A7DB00448B33 /* Products */;
			projectDirPath = "";
			projectRoot = "";
			targets = (
				3BAE532A2FF3A7DB00448B33 /* LiftLog */,
				3BAE533E2FF3A80000448B33 /* LiftLogWatchApp Watch App */,
				3BD0A00630130A000081F2B7 /* LiftLogTests */,
				3BD0A01630130A000081F2B7 /* LiftLogUITests */,
			);
		};
/* End PBXProject section */

/* Begin PBXResourcesBuildPhase section */
		3BAE53292FF3A7DB00448B33 /* Resources */ = {
			isa = PBXResourcesBuildPhase;
			buildActionMask = 2147483647;
			files = (
				3BC0110930129F630081F2B7 /* IBMPlexSans-Regular.ttf in Resources */,
				3BC0110B30129F720081F2B7 /* IBMPlexMono-Regular.ttf in Resources */,
				3BC0110730129F3C0081F2B7 /* Oswald-SemiBold.ttf in Resources */,
				3B8906492FF595DF00E04640 /* exercises.json in Resources */,
			);
			runOnlyForDeploymentPostprocessing = 0;
		};
		3BAE533D2FF3A80000448B33 /* Resources */ = {
			isa = PBXResourcesBuildPhase;
			buildActionMask = 2147483647;
			files = (
			);
			runOnlyForDeploymentPostprocessing = 0;
		};
		3BD0A00530130A000081F2B7 /* Resources */ = {
			isa = PBXResourcesBuildPhase;
			buildActionMask = 2147483647;
			files = (
			);
			runOnlyForDeploymentPostprocessing = 0;
		};
		3BD0A01530130A000081F2B7 /* Resources */ = {
			isa = PBXResourcesBuildPhase;
			buildActionMask = 2147483647;
			files = (
			);
			runOnlyForDeploymentPostprocessing = 0;
		};
/* End PBXResourcesBuildPhase section */

/* Begin PBXSourcesBuildPhase section */
		3BAE53272FF3A7DB00448B33 /* Sources */ = {
			isa = PBXSourcesBuildPhase;
			buildActionMask = 2147483647;
			files = (
			);
			runOnlyForDeploymentPostprocessing = 0;
		};
		3BAE533B2FF3A80000448B33 /* Sources */ = {
			isa = PBXSourcesBuildPhase;
			buildActionMask = 2147483647;
			files = (
			);
			runOnlyForDeploymentPostprocessing = 0;
		};
		3BD0A00330130A000081F2B7 /* Sources */ = {
			isa = PBXSourcesBuildPhase;
			buildActionMask = 2147483647;
			files = (
			);
			runOnlyForDeploymentPostprocessing = 0;
		};
		3BD0A01330130A000081F2B7 /* Sources */ = {
			isa = PBXSourcesBuildPhase;
			buildActionMask = 2147483647;
			files = (
			);
			runOnlyForDeploymentPostprocessing = 0;
		};
/* End PBXSourcesBuildPhase section */

/* Begin PBXTargetDependency section */
		3BAE53482FF3A80100448B33 /* PBXTargetDependency */ = {
			isa = PBXTargetDependency;
			target = 3BAE533E2FF3A80000448B33 /* LiftLogWatchApp Watch App */;
			targetProxy = 3BAE53472FF3A80100448B33 /* PBXContainerItemProxy */;
		};
		3BD0A00A30130A000081F2B7 /* PBXTargetDependency */ = {
			isa = PBXTargetDependency;
			target = 3BAE532A2FF3A7DB00448B33 /* LiftLog */;
			targetProxy = 3BD0A00B30130A000081F2B7 /* PBXContainerItemProxy */;
		};
		3BD0A01A30130A000081F2B7 /* PBXTargetDependency */ = {
			isa = PBXTargetDependency;
			target = 3BAE532A2FF3A7DB00448B33 /* LiftLog */;
			targetProxy = 3BD0A01B30130A000081F2B7 /* PBXContainerItemProxy */;
		};
/* End PBXTargetDependency section */

/* Begin XCBuildConfiguration section */
		3BAE53362FF3A7DB00448B33 /* Debug */ = {
			isa = XCBuildConfiguration;
			buildSettings = {
				ALWAYS_SEARCH_USER_PATHS = NO;
				ASSETCATALOG_COMPILER_GENERATE_SWIFT_ASSET_SYMBOL_EXTENSIONS = YES;
				CLANG_ANALYZER_NONNULL = YES;
				CLANG_ANALYZER_NUMBER_OBJECT_CONVERSION = YES_AGGRESSIVE;
				CLANG_CXX_LANGUAGE_STANDARD = "gnu++20";
				CLANG_ENABLE_MODULES = YES;
				CLANG_ENABLE_OBJC_ARC = YES;
				CLANG_ENABLE_OBJC_WEAK = YES;
				CLANG_WARN_BLOCK_CAPTURE_AUTORELEASING = YES;
				CLANG_WARN_BOOL_CONVERSION = YES;
				CLANG_WARN_COMMA = YES;
				CLANG_WARN_CONSTANT_CONVERSION = YES;
				CLANG_WARN_DEPRECATED_OBJC_IMPLEMENTATIONS = YES;
				CLANG_WARN_DIRECT_OBJC_ISA_USAGE = YES_ERROR;
				CLANG_WARN_DOCUMENTATION_COMMENTS = YES;
				CLANG_WARN_EMPTY_BODY = YES;
				CLANG_WARN_ENUM_CONVERSION = YES;
				CLANG_WARN_INFINITE_RECURSION = YES;
				CLANG_WARN_INT_CONVERSION = YES;
				CLANG_WARN_NON_LITERAL_NULL_CONVERSION = YES;
				CLANG_WARN_OBJC_IMPLICIT_RETAIN_SELF = YES;
				CLANG_WARN_OBJC_LITERAL_CONVERSION = YES;
				CLANG_WARN_OBJC_ROOT_CLASS = YES_ERROR;
				CLANG_WARN_QUOTED_INCLUDE_IN_FRAMEWORK_HEADER = YES;
				CLANG_WARN_RANGE_LOOP_ANALYSIS = YES;
				CLANG_WARN_STRICT_PROTOTYPES = YES;
				CLANG_WARN_SUSPICIOUS_MOVE = YES;
				CLANG_WARN_UNGUARDED_AVAILABILITY = YES_AGGRESSIVE;
				CLANG_WARN_UNREACHABLE_CODE = YES;
				CLANG_WARN__DUPLICATE_METHOD_MATCH = YES;
				COPY_PHASE_STRIP = NO;
				DEBUG_INFORMATION_FORMAT = dwarf;
				DEVELOPMENT_TEAM = X6HPP7XT6X;
				ENABLE_STRICT_OBJC_MSGSEND = YES;
				ENABLE_TESTABILITY = YES;
				ENABLE_USER_SCRIPT_SANDBOXING = YES;
				GCC_C_LANGUAGE_STANDARD = gnu17;
				GCC_DYNAMIC_NO_PIC = NO;
				GCC_NO_COMMON_BLOCKS = YES;
				GCC_OPTIMIZATION_LEVEL = 0;
				GCC_PREPROCESSOR_DEFINITIONS = (
					"DEBUG=1",
					"$(inherited)",
				);
				GCC_WARN_64_TO_32_BIT_CONVERSION = YES;
				GCC_WARN_ABOUT_RETURN_TYPE = YES_ERROR;
				GCC_WARN_UNDECLARED_SELECTOR = YES;
				GCC_WARN_UNINITIALIZED_AUTOS = YES_AGGRESSIVE;
				GCC_WARN_UNUSED_FUNCTION = YES;
				GCC_WARN_UNUSED_VARIABLE = YES;
				IPHONEOS_DEPLOYMENT_TARGET = 26.5;
				LOCALIZATION_PREFERS_STRING_CATALOGS = YES;
				MTL_ENABLE_DEBUG_INFO = INCLUDE_SOURCE;
				MTL_FAST_MATH = YES;
				ONLY_ACTIVE_ARCH = YES;
				SDKROOT = iphoneos;
				SWIFT_ACTIVE_COMPILATION_CONDITIONS = "DEBUG $(inherited)";
				SWIFT_OPTIMIZATION_LEVEL = "-Onone";
			};
			name = Debug;
		};
		3BAE53372FF3A7DB00448B33 /* Release */ = {
			isa = XCBuildConfiguration;
			buildSettings = {
				ALWAYS_SEARCH_USER_PATHS = NO;
				ASSETCATALOG_COMPILER_GENERATE_SWIFT_ASSET_SYMBOL_EXTENSIONS = YES;
				CLANG_ANALYZER_NONNULL = YES;
				CLANG_ANALYZER_NUMBER_OBJECT_CONVERSION = YES_AGGRESSIVE;
				CLANG_CXX_LANGUAGE_STANDARD = "gnu++20";
				CLANG_ENABLE_MODULES = YES;
				CLANG_ENABLE_OBJC_ARC = YES;
				CLANG_ENABLE_OBJC_WEAK = YES;
				CLANG_WARN_BLOCK_CAPTURE_AUTORELEASING = YES;
				CLANG_WARN_BOOL_CONVERSION = YES;
				CLANG_WARN_COMMA = YES;
				CLANG_WARN_CONSTANT_CONVERSION = YES;
				CLANG_WARN_DEPRECATED_OBJC_IMPLEMENTATIONS = YES;
				CLANG_WARN_DIRECT_OBJC_ISA_USAGE = YES_ERROR;
				CLANG_WARN_DOCUMENTATION_COMMENTS = YES;
				CLANG_WARN_EMPTY_BODY = YES;
				CLANG_WARN_ENUM_CONVERSION = YES;
				CLANG_WARN_INFINITE_RECURSION = YES;
				CLANG_WARN_INT_CONVERSION = YES;
				CLANG_WARN_NON_LITERAL_NULL_CONVERSION = YES;
				CLANG_WARN_OBJC_IMPLICIT_RETAIN_SELF = YES;
				CLANG_WARN_OBJC_LITERAL_CONVERSION = YES;
				CLANG_WARN_OBJC_ROOT_CLASS = YES_ERROR;
				CLANG_WARN_QUOTED_INCLUDE_IN_FRAMEWORK_HEADER = YES;
				CLANG_WARN_RANGE_LOOP_ANALYSIS = YES;
				CLANG_WARN_STRICT_PROTOTYPES = YES;
				CLANG_WARN_SUSPICIOUS_MOVE = YES;
				CLANG_WARN_UNGUARDED_AVAILABILITY = YES_AGGRESSIVE;
				CLANG_WARN_UNREACHABLE_CODE = YES;
				CLANG_WARN__DUPLICATE_METHOD_MATCH = YES;
				COPY_PHASE_STRIP = NO;
				DEBUG_INFORMATION_FORMAT = "dwarf-with-dsym";
				DEVELOPMENT_TEAM = X6HPP7XT6X;
				ENABLE_NS_ASSERTIONS = NO;
				ENABLE_STRICT_OBJC_MSGSEND = YES;
				ENABLE_USER_SCRIPT_SANDBOXING = YES;
				GCC_C_LANGUAGE_STANDARD = gnu17;
				GCC_NO_COMMON_BLOCKS = YES;
				GCC_WARN_64_TO_32_BIT_CONVERSION = YES;
				GCC_WARN_ABOUT_RETURN_TYPE = YES_ERROR;
				GCC_WARN_UNDECLARED_SELECTOR = YES;
				GCC_WARN_UNINITIALIZED_AUTOS = YES_AGGRESSIVE;
				GCC_WARN_UNUSED_FUNCTION = YES;
				GCC_WARN_UNUSED_VARIABLE = YES;
				IPHONEOS_DEPLOYMENT_TARGET = 26.5;
				LOCALIZATION_PREFERS_STRING_CATALOGS = YES;
				MTL_ENABLE_DEBUG_INFO = NO;
				MTL_FAST_MATH = YES;
				SDKROOT = iphoneos;
				SWIFT_COMPILATION_MODE = wholemodule;
				VALIDATE_PRODUCT = YES;
			};
			name = Release;
		};
		3BAE53392FF3A7DB00448B33 /* Debug */ = {
			isa = XCBuildConfiguration;
			buildSettings = {
				ASSETCATALOG_COMPILER_APPICON_NAME = AppIcon;
				ASSETCATALOG_COMPILER_GLOBAL_ACCENT_COLOR_NAME = AccentColor;
				CODE_SIGN_ENTITLEMENTS = LiftLog/LiftLog.entitlements;
				CODE_SIGN_STYLE = Automatic;
				CURRENT_PROJECT_VERSION = 1;
				DEVELOPMENT_TEAM = X6HPP7XT6X;
				ENABLE_PREVIEWS = YES;
				GENERATE_INFOPLIST_FILE = YES;
				INFOPLIST_FILE = LiftLog/Info.plist;
				INFOPLIST_KEY_CFBundleDisplayName = Gym;
				INFOPLIST_KEY_LSApplicationCategoryType = "public.app-category.sports";
				INFOPLIST_KEY_NSHealthShareUsageDescription = "Чтобы показывать пульс и калории во время тренировки";
				INFOPLIST_KEY_NSHealthUpdateUsageDescription = "Чтобы сохранять тренировки в приложение Здоровье";
				INFOPLIST_KEY_UIApplicationSceneManifest_Generation = YES;
				INFOPLIST_KEY_UIApplicationSupportsIndirectInputEvents = YES;
				INFOPLIST_KEY_UILaunchScreen_Generation = YES;
				INFOPLIST_KEY_UISupportedInterfaceOrientations_iPad = "UIInterfaceOrientationPortrait UIInterfaceOrientationPortraitUpsideDown UIInterfaceOrientationLandscapeLeft UIInterfaceOrientationLandscapeRight";
				INFOPLIST_KEY_UISupportedInterfaceOrientations_iPhone = "UIInterfaceOrientationPortrait UIInterfaceOrientationLandscapeLeft UIInterfaceOrientationLandscapeRight";
				IPHONEOS_DEPLOYMENT_TARGET = 26.0;
				LD_RUNPATH_SEARCH_PATHS = (
					"$(inherited)",
					"@executable_path/Frameworks",
				);
				MARKETING_VERSION = 1.0;
				PRODUCT_BUNDLE_IDENTIFIER = com.you.LiftLog;
				PRODUCT_NAME = "$(TARGET_NAME)";
				STRING_CATALOG_GENERATE_SYMBOLS = YES;
				SWIFT_APPROACHABLE_CONCURRENCY = YES;
				SWIFT_DEFAULT_ACTOR_ISOLATION = MainActor;
				SWIFT_EMIT_LOC_STRINGS = YES;
				SWIFT_UPCOMING_FEATURE_MEMBER_IMPORT_VISIBILITY = YES;
				SWIFT_VERSION = 5.0;
				TARGETED_DEVICE_FAMILY = "1,2";
			};
			name = Debug;
		};
		3BAE533A2FF3A7DB00448B33 /* Release */ = {
			isa = XCBuildConfiguration;
			buildSettings = {
				ASSETCATALOG_COMPILER_APPICON_NAME = AppIcon;
				ASSETCATALOG_COMPILER_GLOBAL_ACCENT_COLOR_NAME = AccentColor;
				CODE_SIGN_ENTITLEMENTS = LiftLog/LiftLog.entitlements;
				CODE_SIGN_STYLE = Automatic;
				CURRENT_PROJECT_VERSION = 1;
				DEVELOPMENT_TEAM = X6HPP7XT6X;
				ENABLE_PREVIEWS = YES;
				GENERATE_INFOPLIST_FILE = YES;
				INFOPLIST_FILE = LiftLog/Info.plist;
				INFOPLIST_KEY_CFBundleDisplayName = Gym;
				INFOPLIST_KEY_LSApplicationCategoryType = "public.app-category.sports";
				INFOPLIST_KEY_NSHealthShareUsageDescription = "Чтобы показывать пульс и калории во время тренировки";
				INFOPLIST_KEY_NSHealthUpdateUsageDescription = "Чтобы сохранять тренировки в приложение Здоровье";
				INFOPLIST_KEY_UIApplicationSceneManifest_Generation = YES;
				INFOPLIST_KEY_UIApplicationSupportsIndirectInputEvents = YES;
				INFOPLIST_KEY_UILaunchScreen_Generation = YES;
				INFOPLIST_KEY_UISupportedInterfaceOrientations_iPad = "UIInterfaceOrientationPortrait UIInterfaceOrientationPortraitUpsideDown UIInterfaceOrientationLandscapeLeft UIInterfaceOrientationLandscapeRight";
				INFOPLIST_KEY_UISupportedInterfaceOrientations_iPhone = "UIInterfaceOrientationPortrait UIInterfaceOrientationLandscapeLeft UIInterfaceOrientationLandscapeRight";
				IPHONEOS_DEPLOYMENT_TARGET = 26.0;
				LD_RUNPATH_SEARCH_PATHS = (
					"$(inherited)",
					"@executable_path/Frameworks",
				);
				MARKETING_VERSION = 1.0;
				PRODUCT_BUNDLE_IDENTIFIER = com.you.LiftLog;
				PRODUCT_NAME = "$(TARGET_NAME)";
				STRING_CATALOG_GENERATE_SYMBOLS = YES;
				SWIFT_APPROACHABLE_CONCURRENCY = YES;
				SWIFT_DEFAULT_ACTOR_ISOLATION = MainActor;
				SWIFT_EMIT_LOC_STRINGS = YES;
				SWIFT_UPCOMING_FEATURE_MEMBER_IMPORT_VISIBILITY = YES;
				SWIFT_VERSION = 5.0;
				TARGETED_DEVICE_FAMILY = "1,2";
			};
			name = Release;
		};
		3BAE534B2FF3A80100448B33 /* Debug */ = {
			isa = XCBuildConfiguration;
			buildSettings = {
				ASSETCATALOG_COMPILER_APPICON_NAME = AppIcon;
				ASSETCATALOG_COMPILER_GLOBAL_ACCENT_COLOR_NAME = AccentColor;
				CODE_SIGN_ENTITLEMENTS = "LiftLogWatchApp Watch App/LiftLogWatchApp Watch App.entitlements";
				CODE_SIGN_STYLE = Automatic;
				CURRENT_PROJECT_VERSION = 1;
				DEVELOPMENT_TEAM = X6HPP7XT6X;
				ENABLE_PREVIEWS = YES;
				GENERATE_INFOPLIST_FILE = YES;
				INFOPLIST_FILE = "LiftLogWatchApp-Watch-App-Info.plist";
				INFOPLIST_KEY_CFBundleDisplayName = LiftLogWatchApp;
				INFOPLIST_KEY_LSApplicationCategoryType = "";
				INFOPLIST_KEY_NSHealthShareUsageDescription = "Чтобы показывать пульс и калории во время тренировки";
				INFOPLIST_KEY_NSHealthUpdateUsageDescription = "Чтобы сохранять тренировки в приложение Здоровье";
				INFOPLIST_KEY_UISupportedInterfaceOrientations = "UIInterfaceOrientationPortrait UIInterfaceOrientationPortraitUpsideDown";
				INFOPLIST_KEY_WKApplication = YES;
				INFOPLIST_KEY_WKCompanionAppBundleIdentifier = com.you.LiftLog;
				LD_RUNPATH_SEARCH_PATHS = (
					"$(inherited)",
					"@executable_path/Frameworks",
				);
				MARKETING_VERSION = 1.0;
				PRODUCT_BUNDLE_IDENTIFIER = com.you.LiftLog.watchkitapp;
				PRODUCT_NAME = "$(TARGET_NAME)";
				SDKROOT = watchos;
				SKIP_INSTALL = YES;
				STRING_CATALOG_GENERATE_SYMBOLS = YES;
				SWIFT_APPROACHABLE_CONCURRENCY = YES;
				SWIFT_DEFAULT_ACTOR_ISOLATION = MainActor;
				SWIFT_EMIT_LOC_STRINGS = YES;
				SWIFT_UPCOMING_FEATURE_MEMBER_IMPORT_VISIBILITY = YES;
				SWIFT_VERSION = 5.0;
				TARGETED_DEVICE_FAMILY = 4;
				WATCHOS_DEPLOYMENT_TARGET = 26.5;
			};
			name = Debug;
		};
		3BAE534C2FF3A80100448B33 /* Release */ = {
			isa = XCBuildConfiguration;
			buildSettings = {
				ASSETCATALOG_COMPILER_APPICON_NAME = AppIcon;
				ASSETCATALOG_COMPILER_GLOBAL_ACCENT_COLOR_NAME = AccentColor;
				CODE_SIGN_ENTITLEMENTS = "LiftLogWatchApp Watch App/LiftLogWatchApp Watch App.entitlements";
				CODE_SIGN_STYLE = Automatic;
				CURRENT_PROJECT_VERSION = 1;
				DEVELOPMENT_TEAM = X6HPP7XT6X;
				ENABLE_PREVIEWS = YES;
				GENERATE_INFOPLIST_FILE = YES;
				INFOPLIST_FILE = "LiftLogWatchApp-Watch-App-Info.plist";
				INFOPLIST_KEY_CFBundleDisplayName = LiftLogWatchApp;
				INFOPLIST_KEY_LSApplicationCategoryType = "";
				INFOPLIST_KEY_NSHealthShareUsageDescription = "Чтобы показывать пульс и калории во время тренировки";
				INFOPLIST_KEY_NSHealthUpdateUsageDescription = "Чтобы сохранять тренировки в приложение Здоровье";
				INFOPLIST_KEY_UISupportedInterfaceOrientations = "UIInterfaceOrientationPortrait UIInterfaceOrientationPortraitUpsideDown";
				INFOPLIST_KEY_WKApplication = YES;
				INFOPLIST_KEY_WKCompanionAppBundleIdentifier = com.you.LiftLog;
				LD_RUNPATH_SEARCH_PATHS = (
					"$(inherited)",
					"@executable_path/Frameworks",
				);
				MARKETING_VERSION = 1.0;
				PRODUCT_BUNDLE_IDENTIFIER = com.you.LiftLog.watchkitapp;
				PRODUCT_NAME = "$(TARGET_NAME)";
				SDKROOT = watchos;
				SKIP_INSTALL = YES;
				STRING_CATALOG_GENERATE_SYMBOLS = YES;
				SWIFT_APPROACHABLE_CONCURRENCY = YES;
				SWIFT_DEFAULT_ACTOR_ISOLATION = MainActor;
				SWIFT_EMIT_LOC_STRINGS = YES;
				SWIFT_UPCOMING_FEATURE_MEMBER_IMPORT_VISIBILITY = YES;
				SWIFT_VERSION = 5.0;
				TARGETED_DEVICE_FAMILY = 4;
				WATCHOS_DEPLOYMENT_TARGET = 26.5;
			};
			name = Release;
		};
		3BD0A00830130A000081F2B7 /* Debug */ = {
			isa = XCBuildConfiguration;
			buildSettings = {
				ALWAYS_EMBED_SWIFT_STANDARD_LIBRARIES = YES;
				BUNDLE_LOADER = "$(TEST_HOST)";
				CODE_SIGN_STYLE = Automatic;
				CURRENT_PROJECT_VERSION = 1;
				DEVELOPMENT_TEAM = X6HPP7XT6X;
				GENERATE_INFOPLIST_FILE = YES;
				IPHONEOS_DEPLOYMENT_TARGET = 26.0;
				MARKETING_VERSION = 1.0;
				PRODUCT_BUNDLE_IDENTIFIER = com.you.LiftLogTests;
				PRODUCT_NAME = "$(TARGET_NAME)";
				SWIFT_APPROACHABLE_CONCURRENCY = YES;
				SWIFT_DEFAULT_ACTOR_ISOLATION = MainActor;
				SWIFT_EMIT_LOC_STRINGS = NO;
				SWIFT_UPCOMING_FEATURE_MEMBER_IMPORT_VISIBILITY = YES;
				SWIFT_VERSION = 5.0;
				TARGETED_DEVICE_FAMILY = "1,2";
				TEST_HOST = "$(BUILT_PRODUCTS_DIR)/LiftLog.app/$(BUNDLE_EXECUTABLE_FOLDER_PATH)/LiftLog";
			};
			name = Debug;
		};
		3BD0A00930130A000081F2B7 /* Release */ = {
			isa = XCBuildConfiguration;
			buildSettings = {
				ALWAYS_EMBED_SWIFT_STANDARD_LIBRARIES = YES;
				BUNDLE_LOADER = "$(TEST_HOST)";
				CODE_SIGN_STYLE = Automatic;
				CURRENT_PROJECT_VERSION = 1;
				DEVELOPMENT_TEAM = X6HPP7XT6X;
				GENERATE_INFOPLIST_FILE = YES;
				IPHONEOS_DEPLOYMENT_TARGET = 26.0;
				MARKETING_VERSION = 1.0;
				PRODUCT_BUNDLE_IDENTIFIER = com.you.LiftLogTests;
				PRODUCT_NAME = "$(TARGET_NAME)";
				SWIFT_APPROACHABLE_CONCURRENCY = YES;
				SWIFT_DEFAULT_ACTOR_ISOLATION = MainActor;
				SWIFT_EMIT_LOC_STRINGS = NO;
				SWIFT_UPCOMING_FEATURE_MEMBER_IMPORT_VISIBILITY = YES;
				SWIFT_VERSION = 5.0;
				TARGETED_DEVICE_FAMILY = "1,2";
				TEST_HOST = "$(BUILT_PRODUCTS_DIR)/LiftLog.app/$(BUNDLE_EXECUTABLE_FOLDER_PATH)/LiftLog";
			};
			name = Release;
		};
		3BD0A01830130A000081F2B7 /* Debug */ = {
			isa = XCBuildConfiguration;
			buildSettings = {
				ALWAYS_EMBED_SWIFT_STANDARD_LIBRARIES = YES;
				CODE_SIGN_STYLE = Automatic;
				CURRENT_PROJECT_VERSION = 1;
				DEVELOPMENT_TEAM = X6HPP7XT6X;
				GENERATE_INFOPLIST_FILE = YES;
				IPHONEOS_DEPLOYMENT_TARGET = 26.0;
				MARKETING_VERSION = 1.0;
				PRODUCT_BUNDLE_IDENTIFIER = com.you.LiftLogUITests;
				PRODUCT_NAME = "$(TARGET_NAME)";
				SWIFT_APPROACHABLE_CONCURRENCY = YES;
				SWIFT_DEFAULT_ACTOR_ISOLATION = MainActor;
				SWIFT_EMIT_LOC_STRINGS = NO;
				SWIFT_UPCOMING_FEATURE_MEMBER_IMPORT_VISIBILITY = YES;
				SWIFT_VERSION = 5.0;
				TARGETED_DEVICE_FAMILY = "1,2";
				TEST_TARGET_NAME = LiftLog;
			};
			name = Debug;
		};
		3BD0A01930130A000081F2B7 /* Release */ = {
			isa = XCBuildConfiguration;
			buildSettings = {
				ALWAYS_EMBED_SWIFT_STANDARD_LIBRARIES = YES;
				CODE_SIGN_STYLE = Automatic;
				CURRENT_PROJECT_VERSION = 1;
				DEVELOPMENT_TEAM = X6HPP7XT6X;
				GENERATE_INFOPLIST_FILE = YES;
				IPHONEOS_DEPLOYMENT_TARGET = 26.0;
				MARKETING_VERSION = 1.0;
				PRODUCT_BUNDLE_IDENTIFIER = com.you.LiftLogUITests;
				PRODUCT_NAME = "$(TARGET_NAME)";
				SWIFT_APPROACHABLE_CONCURRENCY = YES;
				SWIFT_DEFAULT_ACTOR_ISOLATION = MainActor;
				SWIFT_EMIT_LOC_STRINGS = NO;
				SWIFT_UPCOMING_FEATURE_MEMBER_IMPORT_VISIBILITY = YES;
				SWIFT_VERSION = 5.0;
				TARGETED_DEVICE_FAMILY = "1,2";
				TEST_TARGET_NAME = LiftLog;
			};
			name = Release;
		};
/* End XCBuildConfiguration section */

/* Begin XCConfigurationList section */
		3BAE53262FF3A7DB00448B33 /* Build configuration list for PBXProject "LiftLog" */ = {
			isa = XCConfigurationList;
			buildConfigurations = (
				3BAE53362FF3A7DB00448B33 /* Debug */,
				3BAE53372FF3A7DB00448B33 /* Release */,
			);
			defaultConfigurationIsVisible = 0;
			defaultConfigurationName = Release;
		};
		3BAE53382FF3A7DB00448B33 /* Build configuration list for PBXNativeTarget "LiftLog" */ = {
			isa = XCConfigurationList;
			buildConfigurations = (
				3BAE53392FF3A7DB00448B33 /* Debug */,
				3BAE533A2FF3A7DB00448B33 /* Release */,
			);
			defaultConfigurationIsVisible = 0;
			defaultConfigurationName = Release;
		};
		3BAE534A2FF3A80100448B33 /* Build configuration list for PBXNativeTarget "LiftLogWatchApp Watch App" */ = {
			isa = XCConfigurationList;
			buildConfigurations = (
				3BAE534B2FF3A80100448B33 /* Debug */,
				3BAE534C2FF3A80100448B33 /* Release */,
			);
			defaultConfigurationIsVisible = 0;
			defaultConfigurationName = Release;
		};
		3BD0A00730130A000081F2B7 /* Build configuration list for PBXNativeTarget "LiftLogTests" */ = {
			isa = XCConfigurationList;
			buildConfigurations = (
				3BD0A00830130A000081F2B7 /* Debug */,
				3BD0A00930130A000081F2B7 /* Release */,
			);
			defaultConfigurationIsVisible = 0;
			defaultConfigurationName = Release;
		};
		3BD0A01730130A000081F2B7 /* Build configuration list for PBXNativeTarget "LiftLogUITests" */ = {
			isa = XCConfigurationList;
			buildConfigurations = (
				3BD0A01830130A000081F2B7 /* Debug */,
				3BD0A01930130A000081F2B7 /* Release */,
			);
			defaultConfigurationIsVisible = 0;
			defaultConfigurationName = Release;
		};
/* End XCConfigurationList section */
	};
	rootObject = 3BAE53232FF3A7DB00448B33 /* Project object */;
}
